
Microsoft Visual Studio Solution File, Format Version 12.00
# Visual Studio Version 17
VisualStudioVersion = 17.0.32112.339
MinimumVisualStudioVersion = 10.0.40219.1
Project("{FAE04EC0-301F-11D3-BF4B-00C04F79EFBC}") = "ConsoleApp1", "ConsoleApp1\ConsoleApp1.csproj", "{4256B8E3-F824-414D-9FB4-7E26C0E69BD0}"
EndProject
Global
	GlobalSection(SolutionConfigurationPlatforms) = preSolution
		Debug|Any CPU = Debug|Any CPU
		Release|Any CPU = Release|Any CPU
	EndGlobalSection
	GlobalSection(ProjectConfigurationPlatforms) = postSolution
		{4256B8E3-F824-414D-9FB4-7E26C0E69BD0}.Debug|Any CPU.ActiveCfg = Debug|Any CPU
		{4256B8E3-F824-414D-9FB4-7E26C0E69BD0}.Debug|Any CPU.Build.0 = Debug|Any CPU
		{4256B8E3-F824-414D-9FB4-7E26C0E69BD0}.Release|Any CPU.ActiveCfg = Release|Any CPU
		{4256B8E3-F824-414D-9FB4-7E26C0E69BD0}.Release|Any CPU.Build.0 = Release|Any CPU
	EndGlobalSection
	GlobalSection(SolutionProperties) = preSolution
		HideSolutionNode = FALSE
	EndGlobalSection
	GlobalSection(ExtensibilityGlobals) = postSolution
		SolutionGuid = {85A984B4-EA92-49AA-A53B-206D78DEDA7C}
	EndGlobalSection
EndGlobal
